
Microsoft Visual Studio Solution File, Format Version 12.00
# Visual Studio Version 17
VisualStudioVersion = 17.11.35303.130
MinimumVisualStudioVersion = 10.0.40219.1
Project("{FAE04EC0-301F-11D3-BF4B-00C04F79EFBC}") = "Pratik-Patika-Kütüphane", "Pratik-Patika-Kütüphane\Pratik-Patika-Kütüphane.csproj", "{B21E1212-6859-4A2A-81DD-8ECA17C50C9F}"
EndProject
Global
	GlobalSection(SolutionConfigurationPlatforms) = preSolution
		Debug|Any CPU = Debug|Any CPU
		Release|Any CPU = Release|Any CPU
	EndGlobalSection
	GlobalSection(ProjectConfigurationPlatforms) = postSolution
		{B21E1212-6859-4A2A-81DD-8ECA17C50C9F}.Debug|Any CPU.ActiveCfg = Debug|Any CPU
		{B21E1212-6859-4A2A-81DD-8ECA17C50C9F}.Debug|Any CPU.Build.0 = Debug|Any CPU
		{B21E1212-6859-4A2A-81DD-8ECA17C50C9F}.Release|Any CPU.ActiveCfg = Release|Any CPU
		{B21E1212-6859-4A2A-81DD-8ECA17C50C9F}.Release|Any CPU.Build.0 = Release|Any CPU
	EndGlobalSection
	GlobalSection(SolutionProperties) = preSolution
		HideSolutionNode = FALSE
	EndGlobalSection
	GlobalSection(ExtensibilityGlobals) = postSolution
		SolutionGuid = {D8412E73-D7B2-4516-878D-524C45747A66}
	EndGlobalSection
EndGlobal
